
Microsoft Visual Studio Solution File, Format Version 12.00
# Visual Studio Version 17
VisualStudioVersion = 17.9.34728.123
MinimumVisualStudioVersion = 10.0.40219.1
Project("{9A19103F-16F7-4668-BE54-9A1E7A4F7556}") = "WebApplicationTesteAgendamento", "WebApplicationTesteAgendamento\WebApplicationTesteAgendamento.csproj", "{AAC8D140-1EE2-45A3-96D4-7A97A40B7131}"
EndProject
Project("{E53339B2-1760-4266-BCC7-CA923CBCF16C}") = "docker-compose", "docker-compose.dcproj", "{6ED63844-D39E-4C0C-B89A-A26DBD0A7844}"
EndProject
Project("{9A19103F-16F7-4668-BE54-9A1E7A4F7556}") = "ExtracaoService", "ExtracaoService\ExtracaoService.csproj", "{C92E945E-B582-46C7-87B8-EFE76780A388}"
EndProject
Project("{FAE04EC0-301F-11D3-BF4B-00C04F79EFBC}") = "ConsoleAppExecRuntime", "ConsoleAppExecRuntime\ConsoleAppExecRuntime.csproj", "{309AC5AB-1BBC-4B7D-8210-9072B34152CD}"
EndProject
Project("{FAE04EC0-301F-11D3-BF4B-00C04F79EFBC}") = "ExtracaoCompiladorExecucao", "ExtracaoCompiladorExecucao\ExtracaoCompiladorExecucao.csproj", "{F46EAD1B-D9BD-4001-B169-DC9EA452708E}"
EndProject
Global
	GlobalSection(SolutionConfigurationPlatforms) = preSolution
		Debug|Any CPU = Debug|Any CPU
		Release|Any CPU = Release|Any CPU
	EndGlobalSection
	GlobalSection(ProjectConfigurationPlatforms) = postSolution
		{AAC8D140-1EE2-45A3-96D4-7A97A40B7131}.Debug|Any CPU.ActiveCfg = Debug|Any CPU
		{AAC8D140-1EE2-45A3-96D4-7A97A40B7131}.Debug|Any CPU.Build.0 = Debug|Any CPU
		{AAC8D140-1EE2-45A3-96D4-7A97A40B7131}.Release|Any CPU.ActiveCfg = Release|Any CPU
		{AAC8D140-1EE2-45A3-96D4-7A97A40B7131}.Release|Any CPU.Build.0 = Release|Any CPU
		{6ED63844-D39E-4C0C-B89A-A26DBD0A7844}.Debug|Any CPU.ActiveCfg = Debug|Any CPU
		{6ED63844-D39E-4C0C-B89A-A26DBD0A7844}.Debug|Any CPU.Build.0 = Debug|Any CPU
		{6ED63844-D39E-4C0C-B89A-A26DBD0A7844}.Release|Any CPU.ActiveCfg = Release|Any CPU
		{6ED63844-D39E-4C0C-B89A-A26DBD0A7844}.Release|Any CPU.Build.0 = Release|Any CPU
		{C92E945E-B582-46C7-87B8-EFE76780A388}.Debug|Any CPU.ActiveCfg = Debug|Any CPU
		{C92E945E-B582-46C7-87B8-EFE76780A388}.Debug|Any CPU.Build.0 = Debug|Any CPU
		{C92E945E-B582-46C7-87B8-EFE76780A388}.Release|Any CPU.ActiveCfg = Release|Any CPU
		{C92E945E-B582-46C7-87B8-EFE76780A388}.Release|Any CPU.Build.0 = Release|Any CPU
		{309AC5AB-1BBC-4B7D-8210-9072B34152CD}.Debug|Any CPU.ActiveCfg = Debug|Any CPU
		{309AC5AB-1BBC-4B7D-8210-9072B34152CD}.Debug|Any CPU.Build.0 = Debug|Any CPU
		{309AC5AB-1BBC-4B7D-8210-9072B34152CD}.Release|Any CPU.ActiveCfg = Release|Any CPU
		{309AC5AB-1BBC-4B7D-8210-9072B34152CD}.Release|Any CPU.Build.0 = Release|Any CPU
		{F46EAD1B-D9BD-4001-B169-DC9EA452708E}.Debug|Any CPU.ActiveCfg = Debug|Any CPU
		{F46EAD1B-D9BD-4001-B169-DC9EA452708E}.Debug|Any CPU.Build.0 = Debug|Any CPU
		{F46EAD1B-D9BD-4001-B169-DC9EA452708E}.Release|Any CPU.ActiveCfg = Release|Any CPU
		{F46EAD1B-D9BD-4001-B169-DC9EA452708E}.Release|Any CPU.Build.0 = Release|Any CPU
	EndGlobalSection
	GlobalSection(SolutionProperties) = preSolution
		HideSolutionNode = FALSE
	EndGlobalSection
	GlobalSection(ExtensibilityGlobals) = postSolution
		SolutionGuid = {45503FF0-0DC8-4C30-A710-35EFEDD92294}
	EndGlobalSection
EndGlobal
